
Microsoft Visual Studio Solution File, Format Version 12.00
# Visual Studio Version 17
VisualStudioVersion = 17.5.33530.505
MinimumVisualStudioVersion = 10.0.40219.1
Project("{54A90642-561A-4BB1-A94E-469ADEE60C69}") = "ClientApp", "ClientApp\ClientApp.esproj", "{7EE14389-7E03-4CB5-A09A-6616962606D5}"
EndProject
Global
	GlobalSection(SolutionConfigurationPlatforms) = preSolution
		Debug|Any CPU = Debug|Any CPU
		Release|Any CPU = Release|Any CPU
	EndGlobalSection
	GlobalSection(ProjectConfigurationPlatforms) = postSolution
		{7EE14389-7E03-4CB5-A09A-6616962606D5}.Debug|Any CPU.ActiveCfg = Debug|Any CPU
		{7EE14389-7E03-4CB5-A09A-6616962606D5}.Debug|Any CPU.Build.0 = Debug|Any CPU
		{7EE14389-7E03-4CB5-A09A-6616962606D5}.Debug|Any CPU.Deploy.0 = Debug|Any CPU
		{7EE14389-7E03-4CB5-A09A-6616962606D5}.Release|Any CPU.ActiveCfg = Release|Any CPU
		{7EE14389-7E03-4CB5-A09A-6616962606D5}.Release|Any CPU.Build.0 = Release|Any CPU
		{7EE14389-7E03-4CB5-A09A-6616962606D5}.Release|Any CPU.Deploy.0 = Release|Any CPU
	EndGlobalSection
	GlobalSection(SolutionProperties) = preSolution
		HideSolutionNode = FALSE
	EndGlobalSection
	GlobalSection(ExtensibilityGlobals) = postSolution
		SolutionGuid = {6AA6CBCB-3B09-492E-9E94-455FD9BC23F6}
	EndGlobalSection
EndGlobal
